
Microsoft Visual Studio Solution File, Format Version 12.00
# Visual Studio Version 17
VisualStudioVersion = 17.8.34601.278
MinimumVisualStudioVersion = 10.0.40219.1
Project("{9A19103F-16F7-4668-BE54-9A1E7A4F7556}") = "VideoAnalyticsPipeline", "VideoAnalyticsPipeline\VideoAnalyticsPipeline.csproj", "{7EA15DC9-EAAE-4626-9A44-3726458211A5}"
EndProject
Project("{9A19103F-16F7-4668-BE54-9A1E7A4F7556}") = "VideoAnalyticsPipeline.Tests", "VideoAnalyticsPipeline.Tests\VideoAnalyticsPipeline.Tests.csproj", "{1117532B-756E-4E85-A084-402B6FAA8AB9}"
EndProject
Global
	GlobalSection(SolutionConfigurationPlatforms) = preSolution
		Debug|Any CPU = Debug|Any CPU
		Release|Any CPU = Release|Any CPU
	EndGlobalSection
	GlobalSection(ProjectConfigurationPlatforms) = postSolution
		{7EA15DC9-EAAE-4626-9A44-3726458211A5}.Debug|Any CPU.ActiveCfg = Debug|Any CPU
		{7EA15DC9-EAAE-4626-9A44-3726458211A5}.Debug|Any CPU.Build.0 = Debug|Any CPU
		{7EA15DC9-EAAE-4626-9A44-3726458211A5}.Release|Any CPU.ActiveCfg = Release|Any CPU
		{7EA15DC9-EAAE-4626-9A44-3726458211A5}.Release|Any CPU.Build.0 = Release|Any CPU
		{1117532B-756E-4E85-A084-402B6FAA8AB9}.Debug|Any CPU.ActiveCfg = Debug|Any CPU
		{1117532B-756E-4E85-A084-402B6FAA8AB9}.Debug|Any CPU.Build.0 = Debug|Any CPU
		{1117532B-756E-4E85-A084-402B6FAA8AB9}.Release|Any CPU.ActiveCfg = Release|Any CPU
		{1117532B-756E-4E85-A084-402B6FAA8AB9}.Release|Any CPU.Build.0 = Release|Any CPU
	EndGlobalSection
	GlobalSection(SolutionProperties) = preSolution
		HideSolutionNode = FALSE
	EndGlobalSection
	GlobalSection(ExtensibilityGlobals) = postSolution
		SolutionGuid = {2C771641-03A5-4B45-AD2A-D2B1399596C2}
	EndGlobalSection
EndGlobal
